// !$*UTF8*$!
{
	archiveVersion = 1;
	classes = {
	};
	objectVersion = 48;
	objects = {

/* Begin PBXBuildFile section */
		37246D1F20544A84003D5F8E /* AppDelegate.swift in Sources */ = {isa = PBXBuildFile; fileRef = 37246D1E20544A84003D5F8E /* AppDelegate.swift */; };
		37246D2220544A84003D5F8E /* Assets.xcassets in Resources */ = {isa = PBXBuildFile; fileRef = 37246D2120544A84003D5F8E /* Assets.xcassets */; };
		37246D2D20544A85003D5F8E /* ControlRoomTests.swift in Sources */ = {isa = PBXBuildFile; fileRef = 37246D2C20544A85003D5F8E /* ControlRoomTests.swift */; };
		37246D3720544D90003D5F8E /* application.js in Resources */ = {isa = PBXBuildFile; fileRef = 37246D2020544A84003D5F8E /* application.js */; };
/* End PBXBuildFile section */

/* Begin PBXContainerItemProxy section */
		37246D2920544A85003D5F8E /* PBXContainerItemProxy */ = {
			isa = PBXContainerItemProxy;
			containerPortal = 37246D1320544A84003D5F8E /* Project object */;
			proxyType = 1;
			remoteGlobalIDString = 37246D1A20544A84003D5F8E;
			remoteInfo = ControlRoom;
		};
/* End PBXContainerItemProxy section */

/* Begin PBXFileReference section */
		37246D1B20544A84003D5F8E /* ControlRoom.app */ = {isa = PBXFileReference; explicitFileType = wrapper.application; includeInIndex = 0; path = ControlRoom.app; sourceTree = BUILT_PRODUCTS_DIR; };
		37246D1E20544A84003D5F8E /* AppDelegate.swift */ = {isa = PBXFileReference; lastKnownFileType = sourcecode.swift; path = AppDelegate.swift; sourceTree = "<group>"; };
		37246D2020544A84003D5F8E /* application.js */ = {isa = PBXFileReference; lastKnownFileType = sourcecode.javascript; path = application.js; sourceTree = "<group>"; };
		37246D2120544A84003D5F8E /* Assets.xcassets */ = {isa = PBXFileReference; lastKnownFileType = folder.assetcatalog; path = Assets.xcassets; sourceTree = "<group>"; };
		37246D2320544A84003D5F8E /* Info.plist */ = {isa = PBXFileReference; lastKnownFileType = text.plist.xml; path = Info.plist; sourceTree = "<group>"; };
		37246D2820544A85003D5F8E /* ControlRoomTests.xctest */ = {isa = PBXFileReference; explicitFileType = wrapper.cfbundle; includeInIndex = 0; path = ControlRoomTests.xctest; sourceTree = BUILT_PRODUCTS_DIR; };
		37246D2C20544A85003D5F8E /* ControlRoomTests.swift */ = {isa = PBXFileReference; lastKnownFileType = sourcecode.swift; path = ControlRoomTests.swift; sourceTree = "<group>"; };
		37246D2E20544A85003D5F8E /* Info.plist */ = {isa = PBXFileReference; lastKnownFileType = text.plist.xml; path = Info.plist; sourceTree = "<group>"; };
/* End PBXFileReference section */

/* Begin PBXFrameworksBuildPhase section */
		37246D1820544A84003D5F8E /* Frameworks */ = {
			isa = PBXFrameworksBuildPhase;
			buildActionMask = 2147483647;
			files = (
			);
			runOnlyForDeploymentPostprocessing = 0;
		};
		37246D2520544A85003D5F8E /* Frameworks */ = {
			isa = PBXFrameworksBuildPhase;
			buildActionMask = 2147483647;
			files = (
			);
			runOnlyForDeploymentPostprocessing = 0;
		};
/* End PBXFrameworksBuildPhase section */

/* Begin PBXGroup section */
		37246D1220544A84003D5F8E = {
			isa = PBXGroup;
			children = (
				37246D1D20544A84003D5F8E /* ControlRoom */,
				37246D2B20544A85003D5F8E /* ControlRoomTests */,
				37246D1C20544A84003D5F8E /* Products */,
			);
			sourceTree = "<group>";
		};
		37246D1C20544A84003D5F8E /* Products */ = {
			isa = PBXGroup;
			children = (
				37246D1B20544A84003D5F8E /* ControlRoom.app */,
				37246D2820544A85003D5F8E /* ControlRoomTests.xctest */,
			);
			name = Products;
			sourceTree = "<group>";
		};
		37246D1D20544A84003D5F8E /* ControlRoom */ = {
			isa = PBXGroup;
			children = (
				37246D1E20544A84003D5F8E /* AppDelegate.swift */,
				37246D2020544A84003D5F8E /* application.js */,
				37246D2120544A84003D5F8E /* Assets.xcassets */,
				37246D2320544A84003D5F8E /* Info.plist */,
			);
			path = ControlRoom;
			sourceTree = "<group>";
		};
		37246D2B20544A85003D5F8E /* ControlRoomTests */ = {
			isa = PBXGroup;
			children = (
				37246D2C20544A85003D5F8E /* ControlRoomTests.swift */,
				37246D2E20544A85003D5F8E /* Info.plist */,
			);
			path = ControlRoomTests;
			sourceTree = "<group>";
		};
/* End PBXGroup section */

/* Begin PBXNativeTarget section */
		37246D1A20544A84003D5F8E /* ControlRoom */ = {
			isa = PBXNativeTarget;
			buildConfigurationList = 37246D3120544A85003D5F8E /* Build configuration list for PBXNativeTarget "ControlRoom" */;
			buildPhases = (
				37246D1720544A84003D5F8E /* Sources */,
				37246D1820544A84003D5F8E /* Frameworks */,
				37246D1920544A84003D5F8E /* Resources */,
			);
			buildRules = (
			);
			dependencies = (
			);
			name = ControlRoom;
			productName = ControlRoom;
			productReference = 37246D1B20544A84003D5F8E /* ControlRoom.app */;
			productType = "com.apple.product-type.application";
		};
		37246D2720544A85003D5F8E /* ControlRoomTests */ = {
			isa = PBXNativeTarget;
			buildConfigurationList = 37246D3420544A85003D5F8E /* Build configuration list for PBXNativeTarget "ControlRoomTests" */;
			buildPhases = (
				37246D2420544A85003D5F8E /* Sources */,
				37246D2520544A85003D5F8E /* Frameworks */,
				37246D2620544A85003D5F8E /* Resources */,
			);
			buildRules = (
			);
			dependencies = (
				37246D2A20544A85003D5F8E /* PBXTargetDependency */,
			);
			name = ControlRoomTests;
			productName = ControlRoomTests;
			productReference = 37246D2820544A85003D5F8E /* ControlRoomTests.xctest */;
			productType = "com.apple.product-type.bundle.unit-test";
		};
/* End PBXNativeTarget section */

/* Begin PBXProject section */
		37246D1320544A84003D5F8E /* Project object */ = {
			isa = PBXProject;
			attributes = {
				LastSwiftUpdateCheck = 0920;
				LastUpgradeCheck = 0920;
				ORGANIZATIONNAME = "Philippe Guitard";
				TargetAttributes = {
					37246D1A20544A84003D5F8E = {
						CreatedOnToolsVersion = 9.2;
						ProvisioningStyle = Automatic;
					};
					37246D2720544A85003D5F8E = {
						CreatedOnToolsVersion = 9.2;
						ProvisioningStyle = Automatic;
						TestTargetID = 37246D1A20544A84003D5F8E;
					};
				};
			};
			buildConfigurationList = 37246D1620544A84003D5F8E /* Build configuration list for PBXProject "ControlRoom" */;
			compatibilityVersion = "Xcode 8.0";
			developmentRegion = en;
			hasScannedForEncodings = 0;
			knownRegions = (
				en,
			);
			mainGroup = 37246D1220544A84003D5F8E;
			productRefGroup = 37246D1C20544A84003D5F8E /* Products */;
			projectDirPath = "";
			projectRoot = "";
			targets = (
				37246D1A20544A84003D5F8E /* ControlRoom */,
				37246D2720544A85003D5F8E /* ControlRoomTests */,
			);
		};
/* End PBXProject section */

/* Begin PBXResourcesBuildPhase section */
		37246D1920544A84003D5F8E /* Resources */ = {
			isa = PBXResourcesBuildPhase;
			buildActionMask = 2147483647;
			files = (
				37246D3720544D90003D5F8E /* application.js in Resources */,
				37246D2220544A84003D5F8E /* Assets.xcassets in Resources */,
			);
			runOnlyForDeploymentPostprocessing = 0;
		};
		37246D2620544A85003D5F8E /* Resources */ = {
			isa = PBXResourcesBuildPhase;
			buildActionMask = 2147483647;
			files = (
			);
			runOnlyForDeploymentPostprocessing = 0;
		};
/* End PBXResourcesBuildPhase section */

/* Begin PBXSourcesBuildPhase section */
		37246D1720544A84003D5F8E /* Sources */ = {
			isa = PBXSourcesBuildPhase;
			buildActionMask = 2147483647;
			files = (
				37246D1F20544A84003D5F8E /* AppDelegate.swift in Sources */,
			);
			runOnlyForDeploymentPostprocessing = 0;
		};
		37246D2420544A85003D5F8E /* Sources */ = {
			isa = PBXSourcesBuildPhase;
			buildActionMask = 2147483647;
			files = (
				37246D2D20544A85003D5F8E /* ControlRoomTests.swift in Sources */,
			);
			runOnlyForDeploymentPostprocessing = 0;
		};
/* End PBXSourcesBuildPhase section */

/* Begin PBXTargetDependency section */
		37246D2A20544A85003D5F8E /* PBXTargetDependency */ = {
			isa = PBXTargetDependency;
			target = 37246D1A20544A84003D5F8E /* ControlRoom */;
			targetProxy = 37246D2920544A85003D5F8E /* PBXContainerItemProxy */;
		};
/* End PBXTargetDependency section */

/* Begin XCBuildConfiguration section */
		37246D2F20544A85003D5F8E /* Debug */ = {
			isa = XCBuildConfiguration;
			buildSettings = {
				ALWAYS_SEARCH_USER_PATHS = NO;
				CLANG_ANALYZER_NONNULL = YES;
				CLANG_ANALYZER_NUMBER_OBJECT_CONVERSION = YES_AGGRESSIVE;
				CLANG_CXX_LANGUAGE_STANDARD = "gnu++14";
				CLANG_CXX_LIBRARY = "libc++";
				CLANG_ENABLE_MODULES = YES;
				CLANG_ENABLE_OBJC_ARC = YES;
				CLANG_WARN_BLOCK_CAPTURE_AUTORELEASING = YES;
				CLANG_WARN_BOOL_CONVERSION = YES;
				CLANG_WARN_COMMA = YES;
				CLANG_WARN_CONSTANT_CONVERSION = YES;
				CLANG_WARN_DIRECT_OBJC_ISA_USAGE = YES_ERROR;
				CLANG_WARN_DOCUMENTATION_COMMENTS = YES;
				CLANG_WARN_EMPTY_BODY = YES;
				CLANG_WARN_ENUM_CONVERSION = YES;
				CLANG_WARN_INFINITE_RECURSION = YES;
				CLANG_WARN_INT_CONVERSION = YES;
				CLANG_WARN_NON_LITERAL_NULL_CONVERSION = YES;
				CLANG_WARN_OBJC_LITERAL_CONVERSION = YES;
				CLANG_WARN_OBJC_ROOT_CLASS = YES_ERROR;
				CLANG_WARN_RANGE_LOOP_ANALYSIS = YES;
				CLANG_WARN_STRICT_PROTOTYPES = YES;
				CLANG_WARN_SUSPICIOUS_MOVE = YES;
				CLANG_WARN_UNGUARDED_AVAILABILITY = YES_AGGRESSIVE;
				CLANG_WARN_UNREACHABLE_CODE = YES;
				CLANG_WARN__DUPLICATE_METHOD_MATCH = YES;
				COPY_PHASE_STRIP = NO;
				DEBUG_INFORMATION_FORMAT = dwarf;
				ENABLE_STRICT_OBJC_MSGSEND = YES;
				ENABLE_TESTABILITY = YES;
				GCC_C_LANGUAGE_STANDARD = gnu11;
				GCC_DYNAMIC_NO_PIC = NO;
				GCC_NO_COMMON_BLOCKS = YES;
				GCC_OPTIMIZATION_LEVEL = 0;
				GCC_PREPROCESSOR_DEFINITIONS = (
					"DEBUG=1",
					"$(inherited)",
				);
				GCC_WARN_64_TO_32_BIT_CONVERSION = YES;
				GCC_WARN_ABOUT_RETURN_TYPE = YES_ERROR;
				GCC_WARN_UNDECLARED_SELECTOR = YES;
				GCC_WARN_UNINITIALIZED_AUTOS = YES_AGGRESSIVE;
				GCC_WARN_UNUSED_FUNCTION = YES;
				GCC_WARN_UNUSED_VARIABLE = YES;
				MTL_ENABLE_DEBUG_INFO = YES;
				ONLY_ACTIVE_ARCH = YES;
				SDKROOT = appletvos;
				SWIFT_ACTIVE_COMPILATION_CONDITIONS = DEBUG;
				SWIFT_OPTIMIZATION_LEVEL = "-Onone";
				TVOS_DEPLOYMENT_TARGET = 11.2;
			};
			name = Debug;
		};
		37246D3020544A85003D5F8E /* Release */ = {
			isa = XCBuildConfiguration;
			buildSettings = {
				ALWAYS_SEARCH_USER_PATHS = NO;
				CLANG_ANALYZER_NONNULL = YES;
				CLANG_ANALYZER_NUMBER_OBJECT_CONVERSION = YES_AGGRESSIVE;
				CLANG_CXX_LANGUAGE_STANDARD = "gnu++14";
				CLANG_CXX_LIBRARY = "libc++";
				CLANG_ENABLE_MODULES = YES;
				CLANG_ENABLE_OBJC_ARC = YES;
				CLANG_WARN_BLOCK_CAPTURE_AUTORELEASING = YES;
				CLANG_WARN_BOOL_CONVERSION = YES;
				CLANG_WARN_COMMA = YES;
				CLANG_WARN_CONSTANT_CONVERSION = YES;
				CLANG_WARN_DIRECT_OBJC_ISA_USAGE = YES_ERROR;
				CLANG_WARN_DOCUMENTATION_COMMENTS = YES;
				CLANG_WARN_EMPTY_BODY = YES;
				CLANG_WARN_ENUM_CONVERSION = YES;
				CLANG_WARN_INFINITE_RECURSION = YES;
				CLANG_WARN_INT_CONVERSION = YES;
				CLANG_WARN_NON_LITERAL_NULL_CONVERSION = YES;
				CLANG_WARN_OBJC_LITERAL_CONVERSION = YES;
				CLANG_WARN_OBJC_ROOT_CLASS = YES_ERROR;
				CLANG_WARN_RANGE_LOOP_ANALYSIS = YES;
				CLANG_WARN_STRICT_PROTOTYPES = YES;
				CLANG_WARN_SUSPICIOUS_MOVE = YES;
				CLANG_WARN_UNGUARDED_AVAILABILITY = YES_AGGRESSIVE;
				CLANG_WARN_UNREACHABLE_CODE = YES;
				CLANG_WARN__DUPLICATE_METHOD_MATCH = YES;
				COPY_PHASE_STRIP = NO;
				DEBUG_INFORMATION_FORMAT = "dwarf-with-dsym";
				ENABLE_NS_ASSERTIONS = NO;
				ENABLE_STRICT_OBJC_MSGSEND = YES;
				GCC_C_LANGUAGE_STANDARD = gnu11;
				GCC_NO_COMMON_BLOCKS = YES;
				GCC_WARN_64_TO_32_BIT_CONVERSION = YES;
				GCC_WARN_ABOUT_RETURN_TYPE = YES_ERROR;
				GCC_WARN_UNDECLARED_SELECTOR = YES;
				GCC_WARN_UNINITIALIZED_AUTOS = YES_AGGRESSIVE;
				GCC_WARN_UNUSED_FUNCTION = YES;
				GCC_WARN_UNUSED_VARIABLE = YES;
				MTL_ENABLE_DEBUG_INFO = NO;
				SDKROOT = appletvos;
				SWIFT_OPTIMIZATION_LEVEL = "-Owholemodule";
				TVOS_DEPLOYMENT_TARGET = 11.2;
				VALIDATE_PRODUCT = YES;
			};
			name = Release;
		};
		37246D3220544A85003D5F8E /* Debug */ = {
			isa = XCBuildConfiguration;
			buildSettings = {
				ASSETCATALOG_COMPILER_APPICON_NAME = "App Icon & Top Shelf Image";
				ASSETCATALOG_COMPILER_LAUNCHIMAGE_NAME = LaunchImage;
				CODE_SIGN_STYLE = Automatic;
				DEVELOPMENT_TEAM = B9X2TDZ88K;
				INFOPLIST_FILE = ControlRoom/Info.plist;
				LD_RUNPATH_SEARCH_PATHS = "$(inherited) @executable_path/Frameworks";
				PRODUCT_BUNDLE_IDENTIFIER = com.appserial.ControlRoom;
				PRODUCT_NAME = "$(TARGET_NAME)";
				SWIFT_VERSION = 4.0;
				TARGETED_DEVICE_FAMILY = 3;
			};
			name = Debug;
		};
		37246D3320544A85003D5F8E /* Release */ = {
			isa = XCBuildConfiguration;
			buildSettings = {
				ASSETCATALOG_COMPILER_APPICON_NAME = "App Icon & Top Shelf Image";
				ASSETCATALOG_COMPILER_LAUNCHIMAGE_NAME = LaunchImage;
				CODE_SIGN_STYLE = Automatic;
				DEVELOPMENT_TEAM = B9X2TDZ88K;
				INFOPLIST_FILE = ControlRoom/Info.plist;
				LD_RUNPATH_SEARCH_PATHS = "$(inherited) @executable_path/Frameworks";
				PRODUCT_BUNDLE_IDENTIFIER = com.appserial.ControlRoom;
				PRODUCT_NAME = "$(TARGET_NAME)";
				SWIFT_VERSION = 4.0;
				TARGETED_DEVICE_FAMILY = 3;
			};
			name = Release;
		};
		37246D3520544A85003D5F8E /* Debug */ = {
			isa = XCBuildConfiguration;
			buildSettings = {
				ALWAYS_EMBED_SWIFT_STANDARD_LIBRARIES = YES;
				BUNDLE_LOADER = "$(TEST_HOST)";
				CODE_SIGN_STYLE = Automatic;
				DEVELOPMENT_TEAM = B9X2TDZ88K;
				INFOPLIST_FILE = ControlRoomTests/Info.plist;
				LD_RUNPATH_SEARCH_PATHS = "$(inherited) @executable_path/Frameworks @loader_path/Frameworks";
				PRODUCT_BUNDLE_IDENTIFIER = com.appserial.ControlRoomTests;
				PRODUCT_NAME = "$(TARGET_NAME)";
				SWIFT_VERSION = 4.0;
				TARGETED_DEVICE_FAMILY = 3;
				TEST_HOST = "$(BUILT_PRODUCTS_DIR)/ControlRoom.app/ControlRoom";
			};
			name = Debug;
		};
		37246D3620544A85003D5F8E /* Release */ = {
			isa = XCBuildConfiguration;
			buildSettings = {
				ALWAYS_EMBED_SWIFT_STANDARD_LIBRARIES = YES;
				BUNDLE_LOADER = "$(TEST_HOST)";
				CODE_SIGN_STYLE = Automatic;
				DEVELOPMENT_TEAM = B9X2TDZ88K;
				INFOPLIST_FILE = ControlRoomTests/Info.plist;
				LD_RUNPATH_SEARCH_PATHS = "$(inherited) @executable_path/Frameworks @loader_path/Frameworks";
				PRODUCT_BUNDLE_IDENTIFIER = com.appserial.ControlRoomTests;
				PRODUCT_NAME = "$(TARGET_NAME)";
				SWIFT_VERSION = 4.0;
				TARGETED_DEVICE_FAMILY = 3;
				TEST_HOST = "$(BUILT_PRODUCTS_DIR)/ControlRoom.app/ControlRoom";
			};
			name = Release;
		};
/* End XCBuildConfiguration section */

/* Begin XCConfigurationList section */
		37246D1620544A84003D5F8E /* Build configuration list for PBXProject "ControlRoom" */ = {
			isa = XCConfigurationList;
			buildConfigurations = (
				37246D2F20544A85003D5F8E /* Debug */,
				37246D3020544A85003D5F8E /* Release */,
			);
			defaultConfigurationIsVisible = 0;
			defaultConfigurationName = Release;
		};
		37246D3120544A85003D5F8E /* Build configuration list for PBXNativeTarget "ControlRoom" */ = {
			isa = XCConfigurationList;
			buildConfigurations = (
				37246D3220544A85003D5F8E /* Debug */,
				37246D3320544A85003D5F8E /* Release */,
			);
			defaultConfigurationIsVisible = 0;
			defaultConfigurationName = Release;
		};
		37246D3420544A85003D5F8E /* Build configuration list for PBXNativeTarget "ControlRoomTests" */ = {
			isa = XCConfigurationList;
			buildConfigurations = (
				37246D3520544A85003D5F8E /* Debug */,
				37246D3620544A85003D5F8E /* Release */,
			);
			defaultConfigurationIsVisible = 0;
			defaultConfigurationName = Release;
		};
/* End XCConfigurationList section */
	};
	rootObject = 37246D1320544A84003D5F8E /* Project object */;
}
